
Microsoft Visual Studio Solution File, Format Version 12.00
# Visual Studio Version 16
VisualStudioVersion = 16.0.30320.27
MinimumVisualStudioVersion = 10.0.40219.1
Project("{FAE04EC0-301F-11D3-BF4B-00C04F79EFBC}") = "Area", "Area\Area.csproj", "{B7C5E0C6-0C7F-4913-A44B-FA067A6CAF51}"
EndProject
Global
	GlobalSection(SolutionConfigurationPlatforms) = preSolution
		Debug|Any CPU = Debug|Any CPU
		Release|Any CPU = Release|Any CPU
	EndGlobalSection
	GlobalSection(ProjectConfigurationPlatforms) = postSolution
		{B7C5E0C6-0C7F-4913-A44B-FA067A6CAF51}.Debug|Any CPU.ActiveCfg = Debug|Any CPU
		{B7C5E0C6-0C7F-4913-A44B-FA067A6CAF51}.Debug|Any CPU.Build.0 = Debug|Any CPU
		{B7C5E0C6-0C7F-4913-A44B-FA067A6CAF51}.Release|Any CPU.ActiveCfg = Release|Any CPU
		{B7C5E0C6-0C7F-4913-A44B-FA067A6CAF51}.Release|Any CPU.Build.0 = Release|Any CPU
	EndGlobalSection
	GlobalSection(SolutionProperties) = preSolution
		HideSolutionNode = FALSE
	EndGlobalSection
	GlobalSection(ExtensibilityGlobals) = postSolution
		SolutionGuid = {7D4B94B1-8067-4968-8DCE-BD7022E8B850}
	EndGlobalSection
EndGlobal
